
Microsoft Visual Studio Solution File, Format Version 12.00
# Visual Studio 2012
Project("{FAE04EC0-301F-11D3-BF4B-00C04F79EFBC}") = "EdgeSimulator", "EdgeSimulator\EdgeSimulator.csproj", "{0621E1C9-3864-4F0D-90C7-4D4910E4987F}"
EndProject
Global
	GlobalSection(SolutionConfigurationPlatforms) = preSolution
		Debug|Any CPU = Debug|Any CPU
		Release|Any CPU = Release|Any CPU
	EndGlobalSection
	GlobalSection(ProjectConfigurationPlatforms) = postSolution
		{0621E1C9-3864-4F0D-90C7-4D4910E4987F}.Debug|Any CPU.ActiveCfg = Debug|Any CPU
		{0621E1C9-3864-4F0D-90C7-4D4910E4987F}.Debug|Any CPU.Build.0 = Debug|Any CPU
		{0621E1C9-3864-4F0D-90C7-4D4910E4987F}.Release|Any CPU.ActiveCfg = Release|Any CPU
		{0621E1C9-3864-4F0D-90C7-4D4910E4987F}.Release|Any CPU.Build.0 = Release|Any CPU
	EndGlobalSection
	GlobalSection(SolutionProperties) = preSolution
		HideSolutionNode = FALSE
	EndGlobalSection
EndGlobal
